{
  "version": "5",
  "specifiers": {
    "npm:@anthropic-ai/sdk@*": "0.80.0"
  },
  "npm": {
    "@anthropic-ai/sdk@0.80.0": {
      "integrity": "sha512-WeXLn7zNVk3yjeshn+xZHvld6AoFUOR3Sep6pSoHho5YbSi6HwcirqgPA5ccFuW8QTVJAAU7N8uQQC6Wa9TG+g==",
      "dependencies": [
        "json-schema-to-ts"
      ],
      "bin": true
    },
    "@babel/runtime@7.29.2": {
      "integrity": "sha512-JiDShH45zKHWyGe4ZNVRrCjBz8Nh9TMmZG1kh4QTK8hCBTWBi8Da+i7s1fJw7/lYpM4ccepSNfqzZ/QvABBi5g=="
    },
    "json-schema-to-ts@3.1.1": {
      "integrity": "sha512-+DWg8jCJG2TEnpy7kOm/7/AxaYoaRbjVB4LFZLySZlWn8exGs3A4OLJR966cVvU26N7X9TWxl+Jsw7dzAqKT6g==",
      "dependencies": [
        "@babel/runtime",
        "ts-algebra"
      ]
    },
    "ts-algebra@2.0.0": {
      "integrity": "sha512-FPAhNPFMrkwz76P7cdjdmiShwMynZYN6SgOujD1urY4oNm80Ou9oMdmbR45LotcKOXoy7wSmHkRFE6Mxbrhefw=="
    }
  },
  "workspace": {
    "dependencies": [
      "npm:@anthropic-ai/sdk@*"
    ]
  }
}
